
Microsoft Visual Studio Solution File, Format Version 12.00
# Visual Studio Version 17
VisualStudioVersion = 17.9.34616.47
MinimumVisualStudioVersion = 10.0.40219.1
Project("{FAE04EC0-301F-11D3-BF4B-00C04F79EFBC}") = "QueHoraEs", "QueHoraEs\QueHoraEs.csproj", "{E05E76F9-2725-46B8-8871-D013EDE53953}"
EndProject
Global
	GlobalSection(SolutionConfigurationPlatforms) = preSolution
		Debug|Any CPU = Debug|Any CPU
		Release|Any CPU = Release|Any CPU
	EndGlobalSection
	GlobalSection(ProjectConfigurationPlatforms) = postSolution
		{E05E76F9-2725-46B8-8871-D013EDE53953}.Debug|Any CPU.ActiveCfg = Debug|Any CPU
		{E05E76F9-2725-46B8-8871-D013EDE53953}.Debug|Any CPU.Build.0 = Debug|Any CPU
		{E05E76F9-2725-46B8-8871-D013EDE53953}.Release|Any CPU.ActiveCfg = Release|Any CPU
		{E05E76F9-2725-46B8-8871-D013EDE53953}.Release|Any CPU.Build.0 = Release|Any CPU
	EndGlobalSection
	GlobalSection(SolutionProperties) = preSolution
		HideSolutionNode = FALSE
	EndGlobalSection
	GlobalSection(ExtensibilityGlobals) = postSolution
		SolutionGuid = {98C6B591-6D65-494B-9F1D-411C821D438A}
	EndGlobalSection
EndGlobal
